
Microsoft Visual Studio Solution File, Format Version 12.00
# Visual Studio Version 17
VisualStudioVersion = 17.8.34330.188
MinimumVisualStudioVersion = 10.0.40219.1
Project("{9A19103F-16F7-4668-BE54-9A1E7A4F7556}") = "HalisElektronik.Repositories", "HalisElektronik.Repository\HalisElektronik.Repositories.csproj", "{501909BC-A29D-4513-A2F9-EB6D27C44ADA}"
EndProject
Project("{9A19103F-16F7-4668-BE54-9A1E7A4F7556}") = "HalisElektronik.ViewModels", "HalisElektronik.ViewModels\HalisElektronik.ViewModels.csproj", "{09FAAC0B-247D-4123-AAA6-197C666B712B}"
EndProject
Project("{9A19103F-16F7-4668-BE54-9A1E7A4F7556}") = "HalisElektronik.Services", "HalisElektronik.Services\HalisElektronik.Services.csproj", "{F4D0C837-565F-4DB7-9853-2F0168754938}"
EndProject
Project("{9A19103F-16F7-4668-BE54-9A1E7A4F7556}") = "HalisElektronik.Models", "HalisElektronik.Model\HalisElektronik.Models.csproj", "{2B95D59C-3E8C-4F06-B107-88CF88619AA9}"
EndProject
Project("{9A19103F-16F7-4668-BE54-9A1E7A4F7556}") = "HalisElektronik_API", "HalisElektronik_API\HalisElektronik_API.csproj", "{6EC74BEE-E037-4065-9E21-B766575F8822}"
EndProject
Project("{9A19103F-16F7-4668-BE54-9A1E7A4F7556}") = "HalisElektronik.Dto", "HalisElektronik.Dto\HalisElektronik.Dto.csproj", "{CDE9EF26-7A2C-4A72-B057-53B771B6583B}"
EndProject
Project("{9A19103F-16F7-4668-BE54-9A1E7A4F7556}") = "HalisElektronik.Web", "HalisElektronik.Web\HalisElektronik.Web.csproj", "{931D42F2-13A8-444E-B42B-8871E8751F95}"
EndProject
Global
	GlobalSection(SolutionConfigurationPlatforms) = preSolution
		Debug|Any CPU = Debug|Any CPU
		Release|Any CPU = Release|Any CPU
	EndGlobalSection
	GlobalSection(ProjectConfigurationPlatforms) = postSolution
		{501909BC-A29D-4513-A2F9-EB6D27C44ADA}.Debug|Any CPU.ActiveCfg = Debug|Any CPU
		{501909BC-A29D-4513-A2F9-EB6D27C44ADA}.Debug|Any CPU.Build.0 = Debug|Any CPU
		{501909BC-A29D-4513-A2F9-EB6D27C44ADA}.Release|Any CPU.ActiveCfg = Release|Any CPU
		{501909BC-A29D-4513-A2F9-EB6D27C44ADA}.Release|Any CPU.Build.0 = Release|Any CPU
		{09FAAC0B-247D-4123-AAA6-197C666B712B}.Debug|Any CPU.ActiveCfg = Debug|Any CPU
		{09FAAC0B-247D-4123-AAA6-197C666B712B}.Debug|Any CPU.Build.0 = Debug|Any CPU
		{09FAAC0B-247D-4123-AAA6-197C666B712B}.Release|Any CPU.ActiveCfg = Release|Any CPU
		{09FAAC0B-247D-4123-AAA6-197C666B712B}.Release|Any CPU.Build.0 = Release|Any CPU
		{F4D0C837-565F-4DB7-9853-2F0168754938}.Debug|Any CPU.ActiveCfg = Debug|Any CPU
		{F4D0C837-565F-4DB7-9853-2F0168754938}.Debug|Any CPU.Build.0 = Debug|Any CPU
		{F4D0C837-565F-4DB7-9853-2F0168754938}.Release|Any CPU.ActiveCfg = Release|Any CPU
		{F4D0C837-565F-4DB7-9853-2F0168754938}.Release|Any CPU.Build.0 = Release|Any CPU
		{2B95D59C-3E8C-4F06-B107-88CF88619AA9}.Debug|Any CPU.ActiveCfg = Debug|Any CPU
		{2B95D59C-3E8C-4F06-B107-88CF88619AA9}.Debug|Any CPU.Build.0 = Debug|Any CPU
		{2B95D59C-3E8C-4F06-B107-88CF88619AA9}.Release|Any CPU.ActiveCfg = Release|Any CPU
		{2B95D59C-3E8C-4F06-B107-88CF88619AA9}.Release|Any CPU.Build.0 = Release|Any CPU
		{6EC74BEE-E037-4065-9E21-B766575F8822}.Debug|Any CPU.ActiveCfg = Debug|Any CPU
		{6EC74BEE-E037-4065-9E21-B766575F8822}.Debug|Any CPU.Build.0 = Debug|Any CPU
		{6EC74BEE-E037-4065-9E21-B766575F8822}.Release|Any CPU.ActiveCfg = Release|Any CPU
		{6EC74BEE-E037-4065-9E21-B766575F8822}.Release|Any CPU.Build.0 = Release|Any CPU
		{CDE9EF26-7A2C-4A72-B057-53B771B6583B}.Debug|Any CPU.ActiveCfg = Debug|Any CPU
		{CDE9EF26-7A2C-4A72-B057-53B771B6583B}.Debug|Any CPU.Build.0 = Debug|Any CPU
		{CDE9EF26-7A2C-4A72-B057-53B771B6583B}.Release|Any CPU.ActiveCfg = Release|Any CPU
		{CDE9EF26-7A2C-4A72-B057-53B771B6583B}.Release|Any CPU.Build.0 = Release|Any CPU
		{931D42F2-13A8-444E-B42B-8871E8751F95}.Debug|Any CPU.ActiveCfg = Debug|Any CPU
		{931D42F2-13A8-444E-B42B-8871E8751F95}.Debug|Any CPU.Build.0 = Debug|Any CPU
		{931D42F2-13A8-444E-B42B-8871E8751F95}.Release|Any CPU.ActiveCfg = Release|Any CPU
		{931D42F2-13A8-444E-B42B-8871E8751F95}.Release|Any CPU.Build.0 = Release|Any CPU
	EndGlobalSection
	GlobalSection(SolutionProperties) = preSolution
		HideSolutionNode = FALSE
	EndGlobalSection
	GlobalSection(ExtensibilityGlobals) = postSolution
		SolutionGuid = {743909BB-8881-4174-A29D-C8547100479D}
	EndGlobalSection
EndGlobal
